// !$*UTF8*$!
{
	archiveVersion = 1;
	classes = {
	};
	objectVersion = 46;
	objects = {

/* Begin PBXBuildFile section */
		4560EDB51A6D51B400AE7A91 /* main.swift in Sources */ = {isa = PBXBuildFile; fileRef = 4560EDB41A6D51B400AE7A91 /* main.swift */; };
		4560EDBE1A6D521B00AE7A91 /* TCPIPSocket.swift in Sources */ = {isa = PBXBuildFile; fileRef = 4560EDBD1A6D521B00AE7A91 /* TCPIPSocket.swift */; };
		4560EDC01A6D524A00AE7A91 /* DarwinUtility.swift in Sources */ = {isa = PBXBuildFile; fileRef = 4560EDBF1A6D524A00AE7A91 /* DarwinUtility.swift */; };
		4560EDC21A6D526300AE7A91 /* SwiftExtensions.swift in Sources */ = {isa = PBXBuildFile; fileRef = 4560EDC11A6D526300AE7A91 /* SwiftExtensions.swift */; };
/* End PBXBuildFile section */

/* Begin PBXCopyFilesBuildPhase section */
		4560EDAF1A6D51B400AE7A91 /* CopyFiles */ = {
			isa = PBXCopyFilesBuildPhase;
			buildActionMask = 2147483647;
			dstPath = /usr/share/man/man1/;
			dstSubfolderSpec = 0;
			files = (
			);
			runOnlyForDeploymentPostprocessing = 1;
		};
/* End PBXCopyFilesBuildPhase section */

/* Begin PBXFileReference section */
		4560EDB11A6D51B400AE7A91 /* TCPIPSocket */ = {isa = PBXFileReference; explicitFileType = "compiled.mach-o.executable"; includeInIndex = 0; path = TCPIPSocket; sourceTree = BUILT_PRODUCTS_DIR; };
		4560EDB41A6D51B400AE7A91 /* main.swift */ = {isa = PBXFileReference; lastKnownFileType = sourcecode.swift; path = main.swift; sourceTree = "<group>"; };
		4560EDBB1A6D51BC00AE7A91 /* README.md */ = {isa = PBXFileReference; fileEncoding = 4; lastKnownFileType = net.daringfireball.markdown; path = README.md; sourceTree = "<group>"; };
		4560EDBD1A6D521B00AE7A91 /* TCPIPSocket.swift */ = {isa = PBXFileReference; fileEncoding = 4; lastKnownFileType = sourcecode.swift; path = TCPIPSocket.swift; sourceTree = "<group>"; };
		4560EDBF1A6D524A00AE7A91 /* DarwinUtility.swift */ = {isa = PBXFileReference; fileEncoding = 4; lastKnownFileType = sourcecode.swift; path = DarwinUtility.swift; sourceTree = "<group>"; };
		4560EDC11A6D526300AE7A91 /* SwiftExtensions.swift */ = {isa = PBXFileReference; fileEncoding = 4; lastKnownFileType = sourcecode.swift; path = SwiftExtensions.swift; sourceTree = "<group>"; };
/* End PBXFileReference section */

/* Begin PBXFrameworksBuildPhase section */
		4560EDAE1A6D51B400AE7A91 /* Frameworks */ = {
			isa = PBXFrameworksBuildPhase;
			buildActionMask = 2147483647;
			files = (
			);
			runOnlyForDeploymentPostprocessing = 0;
		};
/* End PBXFrameworksBuildPhase section */

/* Begin PBXGroup section */
		4560EDA81A6D51B400AE7A91 = {
			isa = PBXGroup;
			children = (
				4560EDBB1A6D51BC00AE7A91 /* README.md */,
				4560EDB31A6D51B400AE7A91 /* TCPIPSocket */,
				4560EDB21A6D51B400AE7A91 /* Products */,
			);
			sourceTree = "<group>";
		};
		4560EDB21A6D51B400AE7A91 /* Products */ = {
			isa = PBXGroup;
			children = (
				4560EDB11A6D51B400AE7A91 /* TCPIPSocket */,
			);
			name = Products;
			sourceTree = "<group>";
		};
		4560EDB31A6D51B400AE7A91 /* TCPIPSocket */ = {
			isa = PBXGroup;
			children = (
				4560EDBD1A6D521B00AE7A91 /* TCPIPSocket.swift */,
				4560EDBF1A6D524A00AE7A91 /* DarwinUtility.swift */,
				4560EDC11A6D526300AE7A91 /* SwiftExtensions.swift */,
				4560EDB41A6D51B400AE7A91 /* main.swift */,
			);
			path = TCPIPSocket;
			sourceTree = "<group>";
		};
/* End PBXGroup section */

/* Begin PBXNativeTarget section */
		4560EDB01A6D51B400AE7A91 /* TCPIPSocket */ = {
			isa = PBXNativeTarget;
			buildConfigurationList = 4560EDB81A6D51B400AE7A91 /* Build configuration list for PBXNativeTarget "TCPIPSocket" */;
			buildPhases = (
				4560EDAD1A6D51B400AE7A91 /* Sources */,
				4560EDAE1A6D51B400AE7A91 /* Frameworks */,
				4560EDAF1A6D51B400AE7A91 /* CopyFiles */,
			);
			buildRules = (
			);
			dependencies = (
			);
			name = TCPIPSocket;
			productName = TCPIPSocket;
			productReference = 4560EDB11A6D51B400AE7A91 /* TCPIPSocket */;
			productType = "com.apple.product-type.tool";
		};
/* End PBXNativeTarget section */

/* Begin PBXProject section */
		4560EDA91A6D51B400AE7A91 /* Project object */ = {
			isa = PBXProject;
			attributes = {
				LastUpgradeCheck = 0610;
				ORGANIZATIONNAME = Eonil;
				TargetAttributes = {
					4560EDB01A6D51B400AE7A91 = {
						CreatedOnToolsVersion = 6.1.1;
					};
				};
			};
			buildConfigurationList = 4560EDAC1A6D51B400AE7A91 /* Build configuration list for PBXProject "TCPIPSocket" */;
			compatibilityVersion = "Xcode 3.2";
			developmentRegion = English;
			hasScannedForEncodings = 0;
			knownRegions = (
				en,
			);
			mainGroup = 4560EDA81A6D51B400AE7A91;
			productRefGroup = 4560EDB21A6D51B400AE7A91 /* Products */;
			projectDirPath = "";
			projectRoot = "";
			targets = (
				4560EDB01A6D51B400AE7A91 /* TCPIPSocket */,
			);
		};
/* End PBXProject section */

/* Begin PBXSourcesBuildPhase section */
		4560EDAD1A6D51B400AE7A91 /* Sources */ = {
			isa = PBXSourcesBuildPhase;
			buildActionMask = 2147483647;
			files = (
				4560EDB51A6D51B400AE7A91 /* main.swift in Sources */,
				4560EDC21A6D526300AE7A91 /* SwiftExtensions.swift in Sources */,
				4560EDBE1A6D521B00AE7A91 /* TCPIPSocket.swift in Sources */,
				4560EDC01A6D524A00AE7A91 /* DarwinUtility.swift in Sources */,
			);
			runOnlyForDeploymentPostprocessing = 0;
		};
/* End PBXSourcesBuildPhase section */

/* Begin XCBuildConfiguration section */
		4560EDB61A6D51B400AE7A91 /* Debug */ = {
			isa = XCBuildConfiguration;
			buildSettings = {
				ALWAYS_SEARCH_USER_PATHS = NO;
				CLANG_CXX_LANGUAGE_STANDARD = "gnu++0x";
				CLANG_CXX_LIBRARY = "libc++";
				CLANG_ENABLE_MODULES = YES;
				CLANG_ENABLE_OBJC_ARC = YES;
				CLANG_WARN_BOOL_CONVERSION = YES;
				CLANG_WARN_CONSTANT_CONVERSION = YES;
				CLANG_WARN_DIRECT_OBJC_ISA_USAGE = YES_ERROR;
				CLANG_WARN_EMPTY_BODY = YES;
				CLANG_WARN_ENUM_CONVERSION = YES;
				CLANG_WARN_INT_CONVERSION = YES;
				CLANG_WARN_OBJC_ROOT_CLASS = YES_ERROR;
				CLANG_WARN_UNREACHABLE_CODE = YES;
				CLANG_WARN__DUPLICATE_METHOD_MATCH = YES;
				COPY_PHASE_STRIP = NO;
				ENABLE_STRICT_OBJC_MSGSEND = YES;
				GCC_C_LANGUAGE_STANDARD = gnu99;
				GCC_DYNAMIC_NO_PIC = NO;
				GCC_OPTIMIZATION_LEVEL = 0;
				GCC_PREPROCESSOR_DEFINITIONS = (
					"DEBUG=1",
					"$(inherited)",
				);
				GCC_SYMBOLS_PRIVATE_EXTERN = NO;
				GCC_WARN_64_TO_32_BIT_CONVERSION = YES;
				GCC_WARN_ABOUT_RETURN_TYPE = YES_ERROR;
				GCC_WARN_UNDECLARED_SELECTOR = YES;
				GCC_WARN_UNINITIALIZED_AUTOS = YES_AGGRESSIVE;
				GCC_WARN_UNUSED_FUNCTION = YES;
				GCC_WARN_UNUSED_VARIABLE = YES;
				MACOSX_DEPLOYMENT_TARGET = 10.10;
				MTL_ENABLE_DEBUG_INFO = YES;
				ONLY_ACTIVE_ARCH = YES;
				SDKROOT = macosx;
				SWIFT_OPTIMIZATION_LEVEL = "-Onone";
			};
			name = Debug;
		};
		4560EDB71A6D51B400AE7A91 /* Release */ = {
			isa = XCBuildConfiguration;
			buildSettings = {
				ALWAYS_SEARCH_USER_PATHS = NO;
				CLANG_CXX_LANGUAGE_STANDARD = "gnu++0x";
				CLANG_CXX_LIBRARY = "libc++";
				CLANG_ENABLE_MODULES = YES;
				CLANG_ENABLE_OBJC_ARC = YES;
				CLANG_WARN_BOOL_CONVERSION = YES;
				CLANG_WARN_CONSTANT_CONVERSION = YES;
				CLANG_WARN_DIRECT_OBJC_ISA_USAGE = YES_ERROR;
				CLANG_WARN_EMPTY_BODY = YES;
				CLANG_WARN_ENUM_CONVERSION = YES;
				CLANG_WARN_INT_CONVERSION = YES;
				CLANG_WARN_OBJC_ROOT_CLASS = YES_ERROR;
				CLANG_WARN_UNREACHABLE_CODE = YES;
				CLANG_WARN__DUPLICATE_METHOD_MATCH = YES;
				COPY_PHASE_STRIP = YES;
				DEBUG_INFORMATION_FORMAT = "dwarf-with-dsym";
				ENABLE_NS_ASSERTIONS = NO;
				ENABLE_STRICT_OBJC_MSGSEND = YES;
				GCC_C_LANGUAGE_STANDARD = gnu99;
				GCC_WARN_64_TO_32_BIT_CONVERSION = YES;
				GCC_WARN_ABOUT_RETURN_TYPE = YES_ERROR;
				GCC_WARN_UNDECLARED_SELECTOR = YES;
				GCC_WARN_UNINITIALIZED_AUTOS = YES_AGGRESSIVE;
				GCC_WARN_UNUSED_FUNCTION = YES;
				GCC_WARN_UNUSED_VARIABLE = YES;
				MACOSX_DEPLOYMENT_TARGET = 10.10;
				MTL_ENABLE_DEBUG_INFO = NO;
				SDKROOT = macosx;
			};
			name = Release;
		};
		4560EDB91A6D51B400AE7A91 /* Debug */ = {
			isa = XCBuildConfiguration;
			buildSettings = {
				PRODUCT_NAME = "$(TARGET_NAME)";
			};
			name = Debug;
		};
		4560EDBA1A6D51B400AE7A91 /* Release */ = {
			isa = XCBuildConfiguration;
			buildSettings = {
				PRODUCT_NAME = "$(TARGET_NAME)";
			};
			name = Release;
		};
/* End XCBuildConfiguration section */

/* Begin XCConfigurationList section */
		4560EDAC1A6D51B400AE7A91 /* Build configuration list for PBXProject "TCPIPSocket" */ = {
			isa = XCConfigurationList;
			buildConfigurations = (
				4560EDB61A6D51B400AE7A91 /* Debug */,
				4560EDB71A6D51B400AE7A91 /* Release */,
			);
			defaultConfigurationIsVisible = 0;
			defaultConfigurationName = Release;
		};
		4560EDB81A6D51B400AE7A91 /* Build configuration list for PBXNativeTarget "TCPIPSocket" */ = {
			isa = XCConfigurationList;
			buildConfigurations = (
				4560EDB91A6D51B400AE7A91 /* Debug */,
				4560EDBA1A6D51B400AE7A91 /* Release */,
			);
			defaultConfigurationIsVisible = 0;
		};
/* End XCConfigurationList section */
	};
	rootObject = 4560EDA91A6D51B400AE7A91 /* Project object */;
}
